// !$*UTF8*$!
{
	archiveVersion = 1;
	classes = {
	};
	objectVersion = 56;
	objects = {

/* Begin PBXBuildFile section */
		D02C8EF52D556B9600ACC1A7 /* _6_ChallengeApp.swift in Sources */ = {isa = PBXBuildFile; fileRef = D02C8EF42D556B9600ACC1A7 /* _6_ChallengeApp.swift */; };
		D02C8EF92D556B9800ACC1A7 /* Assets.xcassets in Resources */ = {isa = PBXBuildFile; fileRef = D02C8EF82D556B9800ACC1A7 /* Assets.xcassets */; };
		D02C8EFD2D556B9800ACC1A7 /* Preview Assets.xcassets in Resources */ = {isa = PBXBuildFile; fileRef = D02C8EFC2D556B9800ACC1A7 /* Preview Assets.xcassets */; };
		D02C8F052D556CF700ACC1A7 /* Auth in Frameworks */ = {isa = PBXBuildFile; productRef = D02C8F042D556CF700ACC1A7 /* Auth */; };
		D02C8F072D556CF700ACC1A7 /* Functions in Frameworks */ = {isa = PBXBuildFile; productRef = D02C8F062D556CF700ACC1A7 /* Functions */; };
		D02C8F092D556CF700ACC1A7 /* PostgREST in Frameworks */ = {isa = PBXBuildFile; productRef = D02C8F082D556CF700ACC1A7 /* PostgREST */; };
		D02C8F0B2D556CF700ACC1A7 /* Realtime in Frameworks */ = {isa = PBXBuildFile; productRef = D02C8F0A2D556CF700ACC1A7 /* Realtime */; };
		D02C8F0D2D556CF700ACC1A7 /* Storage in Frameworks */ = {isa = PBXBuildFile; productRef = D02C8F0C2D556CF700ACC1A7 /* Storage */; };
		D02C8F0F2D556CF700ACC1A7 /* Supabase in Frameworks */ = {isa = PBXBuildFile; productRef = D02C8F0E2D556CF700ACC1A7 /* Supabase */; };
		D02C8F112D556F8800ACC1A7 /* SupabaseClient.swift in Sources */ = {isa = PBXBuildFile; fileRef = D02C8F102D556F8800ACC1A7 /* SupabaseClient.swift */; };
		D02C8F1B2D5594FD00ACC1A7 /* AuthManager.swift in Sources */ = {isa = PBXBuildFile; fileRef = D02C8F192D5594FD00ACC1A7 /* AuthManager.swift */; };
		D02C8F1F2D559A3400ACC1A7 /* HabitStore.swift in Sources */ = {isa = PBXBuildFile; fileRef = D02C8F1E2D559A3400ACC1A7 /* HabitStore.swift */; };
		D02C8F222D559A5400ACC1A7 /* Habit.swift in Sources */ = {isa = PBXBuildFile; fileRef = D02C8F202D559A5400ACC1A7 /* Habit.swift */; };
		D02C8F2B2D5663F900ACC1A7 /* AddHabitSheet.swift in Sources */ = {isa = PBXBuildFile; fileRef = D02C8F252D5663F900ACC1A7 /* AddHabitSheet.swift */; };
		D02C8F2C2D5663F900ACC1A7 /* HabitRow.swift in Sources */ = {isa = PBXBuildFile; fileRef = D02C8F262D5663F900ACC1A7 /* HabitRow.swift */; };
		D02C8F2D2D5663F900ACC1A7 /* AuthView.swift in Sources */ = {isa = PBXBuildFile; fileRef = D02C8F282D5663F900ACC1A7 /* AuthView.swift */; };
		D02C8F2E2D5663F900ACC1A7 /* ContentView.swift in Sources */ = {isa = PBXBuildFile; fileRef = D02C8F292D5663F900ACC1A7 /* ContentView.swift */; };
		D03473F72D5A792F00C5D7CD /* SettingsView.swift in Sources */ = {isa = PBXBuildFile; fileRef = D03473F52D5A792F00C5D7CD /* SettingsView.swift */; };
		D03473F82D5A792F00C5D7CD /* ProgressView.swift in Sources */ = {isa = PBXBuildFile; fileRef = D03473F62D5A792F00C5D7CD /* ProgressView.swift */; };
		D03473FA2D5A792F00C5D7CD /* HabitsView.swift in Sources */ = {isa = PBXBuildFile; fileRef = D03473F92D5A792F00C5D7CD /* HabitsView.swift */; };
/* End PBXBuildFile section */

/* Begin PBXFileReference section */
		D02C8EF12D556B9600ACC1A7 /* 66 Challenge.app */ = {isa = PBXFileReference; explicitFileType = wrapper.application; includeInIndex = 0; path = "66 Challenge.app"; sourceTree = BUILT_PRODUCTS_DIR; };
		D02C8EF42D556B9600ACC1A7 /* _6_ChallengeApp.swift */ = {isa = PBXFileReference; lastKnownFileType = sourcecode.swift; path = _6_ChallengeApp.swift; sourceTree = "<group>"; };
		D02C8EF82D556B9800ACC1A7 /* Assets.xcassets */ = {isa = PBXFileReference; lastKnownFileType = folder.assetcatalog; path = Assets.xcassets; sourceTree = "<group>"; };
		D02C8EFA2D556B9800ACC1A7 /* _6_Challenge.entitlements */ = {isa = PBXFileReference; lastKnownFileType = text.plist.entitlements; path = _6_Challenge.entitlements; sourceTree = "<group>"; };
		D02C8EFC2D556B9800ACC1A7 /* Preview Assets.xcassets */ = {isa = PBXFileReference; lastKnownFileType = folder.assetcatalog; path = "Preview Assets.xcassets"; sourceTree = "<group>"; };
		D02C8F102D556F8800ACC1A7 /* SupabaseClient.swift */ = {isa = PBXFileReference; fileEncoding = 4; lastKnownFileType = sourcecode.swift; path = SupabaseClient.swift; sourceTree = "<group>"; };
		D02C8F192D5594FD00ACC1A7 /* AuthManager.swift */ = {isa = PBXFileReference; fileEncoding = 4; lastKnownFileType = sourcecode.swift; path = AuthManager.swift; sourceTree = "<group>"; };
		D02C8F1E2D559A3400ACC1A7 /* HabitStore.swift */ = {isa = PBXFileReference; fileEncoding = 4; lastKnownFileType = sourcecode.swift; path = HabitStore.swift; sourceTree = "<group>"; };
		D02C8F202D559A5400ACC1A7 /* Habit.swift */ = {isa = PBXFileReference; fileEncoding = 4; lastKnownFileType = sourcecode.swift; path = Habit.swift; sourceTree = "<group>"; };
		D02C8F252D5663F900ACC1A7 /* AddHabitSheet.swift */ = {isa = PBXFileReference; fileEncoding = 4; lastKnownFileType = sourcecode.swift; path = AddHabitSheet.swift; sourceTree = "<group>"; };
		D02C8F262D5663F900ACC1A7 /* HabitRow.swift */ = {isa = PBXFileReference; fileEncoding = 4; lastKnownFileType = sourcecode.swift; path = HabitRow.swift; sourceTree = "<group>"; };
		D02C8F282D5663F900ACC1A7 /* AuthView.swift */ = {isa = PBXFileReference; fileEncoding = 4; lastKnownFileType = sourcecode.swift; path = AuthView.swift; sourceTree = "<group>"; };
		D02C8F292D5663F900ACC1A7 /* ContentView.swift */ = {isa = PBXFileReference; fileEncoding = 4; lastKnownFileType = sourcecode.swift; path = ContentView.swift; sourceTree = "<group>"; };
		D03473F52D5A792F00C5D7CD /* SettingsView.swift */ = {isa = PBXFileReference; fileEncoding = 4; lastKnownFileType = sourcecode.swift; path = SettingsView.swift; sourceTree = "<group>"; };
		D03473F62D5A792F00C5D7CD /* ProgressView.swift */ = {isa = PBXFileReference; fileEncoding = 4; lastKnownFileType = sourcecode.swift; path = ProgressView.swift; sourceTree = "<group>"; };
		D03473F92D5A792F00C5D7CD /* HabitsView.swift */ = {isa = PBXFileReference; fileEncoding = 4; lastKnownFileType = sourcecode.swift; path = HabitsView.swift; sourceTree = "<group>"; };
/* End PBXFileReference section */

/* Begin PBXFrameworksBuildPhase section */
		D02C8EEE2D556B9600ACC1A7 /* Frameworks */ = {
			isa = PBXFrameworksBuildPhase;
			buildActionMask = 2147483647;
			files = (
				D02C8F092D556CF700ACC1A7 /* PostgREST in Frameworks */,
				D02C8F072D556CF700ACC1A7 /* Functions in Frameworks */,
				D02C8F0F2D556CF700ACC1A7 /* Supabase in Frameworks */,
				D02C8F052D556CF700ACC1A7 /* Auth in Frameworks */,
				D02C8F0D2D556CF700ACC1A7 /* Storage in Frameworks */,
				D02C8F0B2D556CF700ACC1A7 /* Realtime in Frameworks */,
			);
			runOnlyForDeploymentPostprocessing = 0;
		};
/* End PBXFrameworksBuildPhase section */

/* Begin PBXGroup section */
		D02C8EE82D556B9600ACC1A7 = {
			isa = PBXGroup;
			children = (
				D02C8EF32D556B9600ACC1A7 /* 66 Challenge */,
				D02C8EF22D556B9600ACC1A7 /* Products */,
			);
			sourceTree = "<group>";
		};
		D02C8EF22D556B9600ACC1A7 /* Products */ = {
			isa = PBXGroup;
			children = (
				D02C8EF12D556B9600ACC1A7 /* 66 Challenge.app */,
			);
			name = Products;
			sourceTree = "<group>";
		};
		D02C8EF32D556B9600ACC1A7 /* 66 Challenge */ = {
			isa = PBXGroup;
			children = (
				D02C8F2A2D5663F900ACC1A7 /* Views */,
				D02C8F212D559A5400ACC1A7 /* Models */,
				D02C8F1E2D559A3400ACC1A7 /* HabitStore.swift */,
				D02C8F192D5594FD00ACC1A7 /* AuthManager.swift */,
				D02C8F102D556F8800ACC1A7 /* SupabaseClient.swift */,
				D02C8EF42D556B9600ACC1A7 /* _6_ChallengeApp.swift */,
				D02C8EF82D556B9800ACC1A7 /* Assets.xcassets */,
				D02C8EFA2D556B9800ACC1A7 /* _6_Challenge.entitlements */,
				D02C8EFB2D556B9800ACC1A7 /* Preview Content */,
			);
			path = "66 Challenge";
			sourceTree = "<group>";
		};
		D02C8EFB2D556B9800ACC1A7 /* Preview Content */ = {
			isa = PBXGroup;
			children = (
				D02C8EFC2D556B9800ACC1A7 /* Preview Assets.xcassets */,
			);
			path = "Preview Content";
			sourceTree = "<group>";
		};
		D02C8F212D559A5400ACC1A7 /* Models */ = {
			isa = PBXGroup;
			children = (
				D02C8F202D559A5400ACC1A7 /* Habit.swift */,
			);
			path = Models;
			sourceTree = "<group>";
		};
		D02C8F272D5663F900ACC1A7 /* Components */ = {
			isa = PBXGroup;
			children = (
				D02C8F252D5663F900ACC1A7 /* AddHabitSheet.swift */,
				D02C8F262D5663F900ACC1A7 /* HabitRow.swift */,
			);
			path = Components;
			sourceTree = "<group>";
		};
		D02C8F2A2D5663F900ACC1A7 /* Views */ = {
			isa = PBXGroup;
			children = (
				D03473FC2D5A792F00C5D7CD /* Auth */,
				D03473FB2D5A792F00C5D7CD /* Main */,
				D02C8F272D5663F900ACC1A7 /* Components */,
			);
			path = Views;
			sourceTree = "<group>";
		};
		D03473FB2D5A792F00C5D7CD /* Main */ = {
			isa = PBXGroup;
			children = (
				D03473F62D5A792F00C5D7CD /* ProgressView.swift */,
				D03473F52D5A792F00C5D7CD /* SettingsView.swift */,
				D03473F92D5A792F00C5D7CD /* HabitsView.swift */,
				D02C8F292D5663F900ACC1A7 /* ContentView.swift */,
			);
			path = Main;
			sourceTree = "<group>";
		};
		D03473FC2D5A792F00C5D7CD /* Auth */ = {
			isa = PBXGroup;
			children = (
				D02C8F282D5663F900ACC1A7 /* AuthView.swift */,
			);
			path = Auth;
			sourceTree = "<group>";
		};
/* End PBXGroup section */

/* Begin PBXNativeTarget section */
		D02C8EF02D556B9600ACC1A7 /* 66 Challenge */ = {
			isa = PBXNativeTarget;
			buildConfigurationList = D02C8F002D556B9800ACC1A7 /* Build configuration list for PBXNativeTarget "66 Challenge" */;
			buildPhases = (
				D02C8EED2D556B9600ACC1A7 /* Sources */,
				D02C8EEE2D556B9600ACC1A7 /* Frameworks */,
				D02C8EEF2D556B9600ACC1A7 /* Resources */,
			);
			buildRules = (
			);
			dependencies = (
			);
			name = "66 Challenge";
			packageProductDependencies = (
				D02C8F042D556CF700ACC1A7 /* Auth */,
				D02C8F062D556CF700ACC1A7 /* Functions */,
				D02C8F082D556CF700ACC1A7 /* PostgREST */,
				D02C8F0A2D556CF700ACC1A7 /* Realtime */,
				D02C8F0C2D556CF700ACC1A7 /* Storage */,
				D02C8F0E2D556CF700ACC1A7 /* Supabase */,
			);
			productName = "66 Challenge";
			productReference = D02C8EF12D556B9600ACC1A7 /* 66 Challenge.app */;
			productType = "com.apple.product-type.application";
		};
/* End PBXNativeTarget section */

/* Begin PBXProject section */
		D02C8EE92D556B9600ACC1A7 /* Project object */ = {
			isa = PBXProject;
			attributes = {
				BuildIndependentTargetsInParallel = 1;
				LastSwiftUpdateCheck = 1540;
				LastUpgradeCheck = 1540;
				TargetAttributes = {
					D02C8EF02D556B9600ACC1A7 = {
						CreatedOnToolsVersion = 15.4;
					};
				};
			};
			buildConfigurationList = D02C8EEC2D556B9600ACC1A7 /* Build configuration list for PBXProject "66 Challenge" */;
			compatibilityVersion = "Xcode 14.0";
			developmentRegion = en;
			hasScannedForEncodings = 0;
			knownRegions = (
				en,
				Base,
			);
			mainGroup = D02C8EE82D556B9600ACC1A7;
			packageReferences = (
				D02C8F032D556CF700ACC1A7 /* XCRemoteSwiftPackageReference "supabase-swift" */,
			);
			productRefGroup = D02C8EF22D556B9600ACC1A7 /* Products */;
			projectDirPath = "";
			projectRoot = "";
			targets = (
				D02C8EF02D556B9600ACC1A7 /* 66 Challenge */,
			);
		};
/* End PBXProject section */

/* Begin PBXResourcesBuildPhase section */
		D02C8EEF2D556B9600ACC1A7 /* Resources */ = {
			isa = PBXResourcesBuildPhase;
			buildActionMask = 2147483647;
			files = (
				D02C8EFD2D556B9800ACC1A7 /* Preview Assets.xcassets in Resources */,
				D02C8EF92D556B9800ACC1A7 /* Assets.xcassets in Resources */,
			);
			runOnlyForDeploymentPostprocessing = 0;
		};
/* End PBXResourcesBuildPhase section */

/* Begin PBXSourcesBuildPhase section */
		D02C8EED2D556B9600ACC1A7 /* Sources */ = {
			isa = PBXSourcesBuildPhase;
			buildActionMask = 2147483647;
			files = (
				D02C8F112D556F8800ACC1A7 /* SupabaseClient.swift in Sources */,
				D03473FA2D5A792F00C5D7CD /* HabitsView.swift in Sources */,
				D02C8F2E2D5663F900ACC1A7 /* ContentView.swift in Sources */,
				D02C8EF52D556B9600ACC1A7 /* _6_ChallengeApp.swift in Sources */,
				D02C8F1F2D559A3400ACC1A7 /* HabitStore.swift in Sources */,
				D02C8F2B2D5663F900ACC1A7 /* AddHabitSheet.swift in Sources */,
				D03473F72D5A792F00C5D7CD /* SettingsView.swift in Sources */,
				D02C8F2C2D5663F900ACC1A7 /* HabitRow.swift in Sources */,
				D02C8F222D559A5400ACC1A7 /* Habit.swift in Sources */,
				D02C8F2D2D5663F900ACC1A7 /* AuthView.swift in Sources */,
				D02C8F1B2D5594FD00ACC1A7 /* AuthManager.swift in Sources */,
				D03473F82D5A792F00C5D7CD /* ProgressView.swift in Sources */,
			);
			runOnlyForDeploymentPostprocessing = 0;
		};
/* End PBXSourcesBuildPhase section */

/* Begin XCBuildConfiguration section */
		D02C8EFE2D556B9800ACC1A7 /* Debug */ = {
			isa = XCBuildConfiguration;
			buildSettings = {
				ALWAYS_SEARCH_USER_PATHS = NO;
				ASSETCATALOG_COMPILER_GENERATE_SWIFT_ASSET_SYMBOL_EXTENSIONS = YES;
				CLANG_ANALYZER_NONNULL = YES;
				CLANG_ANALYZER_NUMBER_OBJECT_CONVERSION = YES_AGGRESSIVE;
				CLANG_CXX_LANGUAGE_STANDARD = "gnu++20";
				CLANG_ENABLE_MODULES = YES;
				CLANG_ENABLE_OBJC_ARC = YES;
				CLANG_ENABLE_OBJC_WEAK = YES;
				CLANG_WARN_BLOCK_CAPTURE_AUTORELEASING = YES;
				CLANG_WARN_BOOL_CONVERSION = YES;
				CLANG_WARN_COMMA = YES;
				CLANG_WARN_CONSTANT_CONVERSION = YES;
				CLANG_WARN_DEPRECATED_OBJC_IMPLEMENTATIONS = YES;
				CLANG_WARN_DIRECT_OBJC_ISA_USAGE = YES_ERROR;
				CLANG_WARN_DOCUMENTATION_COMMENTS = YES;
				CLANG_WARN_EMPTY_BODY = YES;
				CLANG_WARN_ENUM_CONVERSION = YES;
				CLANG_WARN_INFINITE_RECURSION = YES;
				CLANG_WARN_INT_CONVERSION = YES;
				CLANG_WARN_NON_LITERAL_NULL_CONVERSION = YES;
				CLANG_WARN_OBJC_IMPLICIT_RETAIN_SELF = YES;
				CLANG_WARN_OBJC_LITERAL_CONVERSION = YES;
				CLANG_WARN_OBJC_ROOT_CLASS = YES_ERROR;
				CLANG_WARN_QUOTED_INCLUDE_IN_FRAMEWORK_HEADER = YES;
				CLANG_WARN_RANGE_LOOP_ANALYSIS = YES;
				CLANG_WARN_STRICT_PROTOTYPES = YES;
				CLANG_WARN_SUSPICIOUS_MOVE = YES;
				CLANG_WARN_UNGUARDED_AVAILABILITY = YES_AGGRESSIVE;
				CLANG_WARN_UNREACHABLE_CODE = YES;
				CLANG_WARN__DUPLICATE_METHOD_MATCH = YES;
				COPY_PHASE_STRIP = NO;
				DEBUG_INFORMATION_FORMAT = dwarf;
				ENABLE_STRICT_OBJC_MSGSEND = YES;
				ENABLE_TESTABILITY = YES;
				ENABLE_USER_SCRIPT_SANDBOXING = YES;
				GCC_C_LANGUAGE_STANDARD = gnu17;
				GCC_DYNAMIC_NO_PIC = NO;
				GCC_NO_COMMON_BLOCKS = YES;
				GCC_OPTIMIZATION_LEVEL = 0;
				GCC_PREPROCESSOR_DEFINITIONS = (
					"DEBUG=1",
					"$(inherited)",
				);
				GCC_WARN_64_TO_32_BIT_CONVERSION = YES;
				GCC_WARN_ABOUT_RETURN_TYPE = YES_ERROR;
				GCC_WARN_UNDECLARED_SELECTOR = YES;
				GCC_WARN_UNINITIALIZED_AUTOS = YES_AGGRESSIVE;
				GCC_WARN_UNUSED_FUNCTION = YES;
				GCC_WARN_UNUSED_VARIABLE = YES;
				LOCALIZATION_PREFERS_STRING_CATALOGS = YES;
				MTL_ENABLE_DEBUG_INFO = INCLUDE_SOURCE;
				MTL_FAST_MATH = YES;
				ONLY_ACTIVE_ARCH = YES;
				SWIFT_ACTIVE_COMPILATION_CONDITIONS = "DEBUG $(inherited)";
				SWIFT_OPTIMIZATION_LEVEL = "-Onone";
			};
			name = Debug;
		};
		D02C8EFF2D556B9800ACC1A7 /* Release */ = {
			isa = XCBuildConfiguration;
			buildSettings = {
				ALWAYS_SEARCH_USER_PATHS = NO;
				ASSETCATALOG_COMPILER_GENERATE_SWIFT_ASSET_SYMBOL_EXTENSIONS = YES;
				CLANG_ANALYZER_NONNULL = YES;
				CLANG_ANALYZER_NUMBER_OBJECT_CONVERSION = YES_AGGRESSIVE;
				CLANG_CXX_LANGUAGE_STANDARD = "gnu++20";
				CLANG_ENABLE_MODULES = YES;
				CLANG_ENABLE_OBJC_ARC = YES;
				CLANG_ENABLE_OBJC_WEAK = YES;
				CLANG_WARN_BLOCK_CAPTURE_AUTORELEASING = YES;
				CLANG_WARN_BOOL_CONVERSION = YES;
				CLANG_WARN_COMMA = YES;
				CLANG_WARN_CONSTANT_CONVERSION = YES;
				CLANG_WARN_DEPRECATED_OBJC_IMPLEMENTATIONS = YES;
				CLANG_WARN_DIRECT_OBJC_ISA_USAGE = YES_ERROR;
				CLANG_WARN_DOCUMENTATION_COMMENTS = YES;
				CLANG_WARN_EMPTY_BODY = YES;
				CLANG_WARN_ENUM_CONVERSION = YES;
				CLANG_WARN_INFINITE_RECURSION = YES;
				CLANG_WARN_INT_CONVERSION = YES;
				CLANG_WARN_NON_LITERAL_NULL_CONVERSION = YES;
				CLANG_WARN_OBJC_IMPLICIT_RETAIN_SELF = YES;
				CLANG_WARN_OBJC_LITERAL_CONVERSION = YES;
				CLANG_WARN_OBJC_ROOT_CLASS = YES_ERROR;
				CLANG_WARN_QUOTED_INCLUDE_IN_FRAMEWORK_HEADER = YES;
				CLANG_WARN_RANGE_LOOP_ANALYSIS = YES;
				CLANG_WARN_STRICT_PROTOTYPES = YES;
				CLANG_WARN_SUSPICIOUS_MOVE = YES;
				CLANG_WARN_UNGUARDED_AVAILABILITY = YES_AGGRESSIVE;
				CLANG_WARN_UNREACHABLE_CODE = YES;
				CLANG_WARN__DUPLICATE_METHOD_MATCH = YES;
				COPY_PHASE_STRIP = NO;
				DEBUG_INFORMATION_FORMAT = "dwarf-with-dsym";
				ENABLE_NS_ASSERTIONS = NO;
				ENABLE_STRICT_OBJC_MSGSEND = YES;
				ENABLE_USER_SCRIPT_SANDBOXING = YES;
				GCC_C_LANGUAGE_STANDARD = gnu17;
				GCC_NO_COMMON_BLOCKS = YES;
				GCC_WARN_64_TO_32_BIT_CONVERSION = YES;
				GCC_WARN_ABOUT_RETURN_TYPE = YES_ERROR;
				GCC_WARN_UNDECLARED_SELECTOR = YES;
				GCC_WARN_UNINITIALIZED_AUTOS = YES_AGGRESSIVE;
				GCC_WARN_UNUSED_FUNCTION = YES;
				GCC_WARN_UNUSED_VARIABLE = YES;
				LOCALIZATION_PREFERS_STRING_CATALOGS = YES;
				MTL_ENABLE_DEBUG_INFO = NO;
				MTL_FAST_MATH = YES;
				SWIFT_COMPILATION_MODE = wholemodule;
			};
			name = Release;
		};
		D02C8F012D556B9800ACC1A7 /* Debug */ = {
			isa = XCBuildConfiguration;
			buildSettings = {
				ASSETCATALOG_COMPILER_APPICON_NAME = AppIcon;
				ASSETCATALOG_COMPILER_GLOBAL_ACCENT_COLOR_NAME = AccentColor;
				CODE_SIGN_ENTITLEMENTS = "66 Challenge/_6_Challenge.entitlements";
				CODE_SIGN_STYLE = Automatic;
				CURRENT_PROJECT_VERSION = 1;
				DEVELOPMENT_ASSET_PATHS = "\"66 Challenge/Preview Content\"";
				DEVELOPMENT_TEAM = 2GSW2W5RX4;
				ENABLE_HARDENED_RUNTIME = YES;
				ENABLE_PREVIEWS = YES;
				GENERATE_INFOPLIST_FILE = YES;
				"INFOPLIST_KEY_UIApplicationSceneManifest_Generation[sdk=iphoneos*]" = YES;
				"INFOPLIST_KEY_UIApplicationSceneManifest_Generation[sdk=iphonesimulator*]" = YES;
				"INFOPLIST_KEY_UIApplicationSupportsIndirectInputEvents[sdk=iphoneos*]" = YES;
				"INFOPLIST_KEY_UIApplicationSupportsIndirectInputEvents[sdk=iphonesimulator*]" = YES;
				"INFOPLIST_KEY_UILaunchScreen_Generation[sdk=iphoneos*]" = YES;
				"INFOPLIST_KEY_UILaunchScreen_Generation[sdk=iphonesimulator*]" = YES;
				"INFOPLIST_KEY_UIStatusBarStyle[sdk=iphoneos*]" = UIStatusBarStyleDefault;
				"INFOPLIST_KEY_UIStatusBarStyle[sdk=iphonesimulator*]" = UIStatusBarStyleDefault;
				INFOPLIST_KEY_UISupportedInterfaceOrientations_iPad = "UIInterfaceOrientationPortrait UIInterfaceOrientationPortraitUpsideDown UIInterfaceOrientationLandscapeLeft UIInterfaceOrientationLandscapeRight";
				INFOPLIST_KEY_UISupportedInterfaceOrientations_iPhone = "UIInterfaceOrientationPortrait UIInterfaceOrientationLandscapeLeft UIInterfaceOrientationLandscapeRight";
				IPHONEOS_DEPLOYMENT_TARGET = 17.5;
				LD_RUNPATH_SEARCH_PATHS = "@executable_path/Frameworks";
				"LD_RUNPATH_SEARCH_PATHS[sdk=macosx*]" = "@executable_path/../Frameworks";
				MACOSX_DEPLOYMENT_TARGET = 14.4;
				MARKETING_VERSION = 1.0;
				PRODUCT_BUNDLE_IDENTIFIER = "PeterLabs.-6-Challenge";
				PRODUCT_NAME = "$(TARGET_NAME)";
				SDKROOT = auto;
				SUPPORTED_PLATFORMS = "iphoneos iphonesimulator macosx";
				SWIFT_EMIT_LOC_STRINGS = YES;
				SWIFT_VERSION = 5.0;
				TARGETED_DEVICE_FAMILY = "1,2";
			};
			name = Debug;
		};
		D02C8F022D556B9800ACC1A7 /* Release */ = {
			isa = XCBuildConfiguration;
			buildSettings = {
				ASSETCATALOG_COMPILER_APPICON_NAME = AppIcon;
				ASSETCATALOG_COMPILER_GLOBAL_ACCENT_COLOR_NAME = AccentColor;
				CODE_SIGN_ENTITLEMENTS = "66 Challenge/_6_Challenge.entitlements";
				CODE_SIGN_STYLE = Automatic;
				CURRENT_PROJECT_VERSION = 1;
				DEVELOPMENT_ASSET_PATHS = "\"66 Challenge/Preview Content\"";
				DEVELOPMENT_TEAM = 2GSW2W5RX4;
				ENABLE_HARDENED_RUNTIME = YES;
				ENABLE_PREVIEWS = YES;
				GENERATE_INFOPLIST_FILE = YES;
				"INFOPLIST_KEY_UIApplicationSceneManifest_Generation[sdk=iphoneos*]" = YES;
				"INFOPLIST_KEY_UIApplicationSceneManifest_Generation[sdk=iphonesimulator*]" = YES;
				"INFOPLIST_KEY_UIApplicationSupportsIndirectInputEvents[sdk=iphoneos*]" = YES;
				"INFOPLIST_KEY_UIApplicationSupportsIndirectInputEvents[sdk=iphonesimulator*]" = YES;
				"INFOPLIST_KEY_UILaunchScreen_Generation[sdk=iphoneos*]" = YES;
				"INFOPLIST_KEY_UILaunchScreen_Generation[sdk=iphonesimulator*]" = YES;
				"INFOPLIST_KEY_UIStatusBarStyle[sdk=iphoneos*]" = UIStatusBarStyleDefault;
				"INFOPLIST_KEY_UIStatusBarStyle[sdk=iphonesimulator*]" = UIStatusBarStyleDefault;
				INFOPLIST_KEY_UISupportedInterfaceOrientations_iPad = "UIInterfaceOrientationPortrait UIInterfaceOrientationPortraitUpsideDown UIInterfaceOrientationLandscapeLeft UIInterfaceOrientationLandscapeRight";
				INFOPLIST_KEY_UISupportedInterfaceOrientations_iPhone = "UIInterfaceOrientationPortrait UIInterfaceOrientationLandscapeLeft UIInterfaceOrientationLandscapeRight";
				IPHONEOS_DEPLOYMENT_TARGET = 17.5;
				LD_RUNPATH_SEARCH_PATHS = "@executable_path/Frameworks";
				"LD_RUNPATH_SEARCH_PATHS[sdk=macosx*]" = "@executable_path/../Frameworks";
				MACOSX_DEPLOYMENT_TARGET = 14.4;
				MARKETING_VERSION = 1.0;
				PRODUCT_BUNDLE_IDENTIFIER = "PeterLabs.-6-Challenge";
				PRODUCT_NAME = "$(TARGET_NAME)";
				SDKROOT = auto;
				SUPPORTED_PLATFORMS = "iphoneos iphonesimulator macosx";
				SWIFT_EMIT_LOC_STRINGS = YES;
				SWIFT_VERSION = 5.0;
				TARGETED_DEVICE_FAMILY = "1,2";
			};
			name = Release;
		};
/* End XCBuildConfiguration section */

/* Begin XCConfigurationList section */
		D02C8EEC2D556B9600ACC1A7 /* Build configuration list for PBXProject "66 Challenge" */ = {
			isa = XCConfigurationList;
			buildConfigurations = (
				D02C8EFE2D556B9800ACC1A7 /* Debug */,
				D02C8EFF2D556B9800ACC1A7 /* Release */,
			);
			defaultConfigurationIsVisible = 0;
			defaultConfigurationName = Release;
		};
		D02C8F002D556B9800ACC1A7 /* Build configuration list for PBXNativeTarget "66 Challenge" */ = {
			isa = XCConfigurationList;
			buildConfigurations = (
				D02C8F012D556B9800ACC1A7 /* Debug */,
				D02C8F022D556B9800ACC1A7 /* Release */,
			);
			defaultConfigurationIsVisible = 0;
			defaultConfigurationName = Release;
		};
/* End XCConfigurationList section */

/* Begin XCRemoteSwiftPackageReference section */
		D02C8F032D556CF700ACC1A7 /* XCRemoteSwiftPackageReference "supabase-swift" */ = {
			isa = XCRemoteSwiftPackageReference;
			repositoryURL = "https://github.com/supabase-community/supabase-swift.git";
			requirement = {
				kind = upToNextMajorVersion;
				minimumVersion = 2.5.1;
			};
		};
/* End XCRemoteSwiftPackageReference section */

/* Begin XCSwiftPackageProductDependency section */
		D02C8F042D556CF700ACC1A7 /* Auth */ = {
			isa = XCSwiftPackageProductDependency;
			package = D02C8F032D556CF700ACC1A7 /* XCRemoteSwiftPackageReference "supabase-swift" */;
			productName = Auth;
		};
		D02C8F062D556CF700ACC1A7 /* Functions */ = {
			isa = XCSwiftPackageProductDependency;
			package = D02C8F032D556CF700ACC1A7 /* XCRemoteSwiftPackageReference "supabase-swift" */;
			productName = Functions;
		};
		D02C8F082D556CF700ACC1A7 /* PostgREST */ = {
			isa = XCSwiftPackageProductDependency;
			package = D02C8F032D556CF700ACC1A7 /* XCRemoteSwiftPackageReference "supabase-swift" */;
			productName = PostgREST;
		};
		D02C8F0A2D556CF700ACC1A7 /* Realtime */ = {
			isa = XCSwiftPackageProductDependency;
			package = D02C8F032D556CF700ACC1A7 /* XCRemoteSwiftPackageReference "supabase-swift" */;
			productName = Realtime;
		};
		D02C8F0C2D556CF700ACC1A7 /* Storage */ = {
			isa = XCSwiftPackageProductDependency;
			package = D02C8F032D556CF700ACC1A7 /* XCRemoteSwiftPackageReference "supabase-swift" */;
			productName = Storage;
		};
		D02C8F0E2D556CF700ACC1A7 /* Supabase */ = {
			isa = XCSwiftPackageProductDependency;
			package = D02C8F032D556CF700ACC1A7 /* XCRemoteSwiftPackageReference "supabase-swift" */;
			productName = Supabase;
		};
/* End XCSwiftPackageProductDependency section */
	};
	rootObject = D02C8EE92D556B9600ACC1A7 /* Project object */;
}
